// !$*UTF8*$!
{
	archiveVersion = 1;
	classes = {
	};
	objectVersion = 51;
	objects = {

/* Begin PBXBuildFile section */
		8004B0D462514497C3DAF17D /* Pods_MobileAxxess.framework in Frameworks */ = {isa = PBXBuildFile; fileRef = 7D85EF895F36056393850A0B /* Pods_MobileAxxess.framework */; };
		F12C4E1C24D7248700134453 /* CommonFunctions.swift in Sources */ = {isa = PBXBuildFile; fileRef = F12C4E1B24D7248700134453 /* CommonFunctions.swift */; };
		F13B8C1B24D55DCC00C587E0 /* AppDelegate.swift in Sources */ = {isa = PBXBuildFile; fileRef = F13B8C1A24D55DCC00C587E0 /* AppDelegate.swift */; };
		F13B8C2724D55DCE00C587E0 /* Assets.xcassets in Resources */ = {isa = PBXBuildFile; fileRef = F13B8C2624D55DCE00C587E0 /* Assets.xcassets */; };
		F13B8C2A24D55DCE00C587E0 /* LaunchScreen.storyboard in Resources */ = {isa = PBXBuildFile; fileRef = F13B8C2824D55DCE00C587E0 /* LaunchScreen.storyboard */; };
		F13B8C3D24D55FD700C587E0 /* CoreDataContext.swift in Sources */ = {isa = PBXBuildFile; fileRef = F13B8C3C24D55FD700C587E0 /* CoreDataContext.swift */; };
		F13B8C4124D561E500C587E0 /* UIColour+HexColour.swift in Sources */ = {isa = PBXBuildFile; fileRef = F13B8C3E24D561E400C587E0 /* UIColour+HexColour.swift */; };
		F13B8C4224D561E500C587E0 /* UIImageView+SDImage.swift in Sources */ = {isa = PBXBuildFile; fileRef = F13B8C3F24D561E500C587E0 /* UIImageView+SDImage.swift */; };
		F13B8C4324D561E500C587E0 /* FileManger+DirectoryPath.swift in Sources */ = {isa = PBXBuildFile; fileRef = F13B8C4024D561E500C587E0 /* FileManger+DirectoryPath.swift */; };
		F13B8C4824D5625A00C587E0 /* ConnectionCheck.swift in Sources */ = {isa = PBXBuildFile; fileRef = F13B8C4424D5625A00C587E0 /* ConnectionCheck.swift */; };
		F13B8C4924D5625A00C587E0 /* Constants.swift in Sources */ = {isa = PBXBuildFile; fileRef = F13B8C4524D5625A00C587E0 /* Constants.swift */; };
		F13B8C4A24D5625A00C587E0 /* AppColor.swift in Sources */ = {isa = PBXBuildFile; fileRef = F13B8C4624D5625A00C587E0 /* AppColor.swift */; };
		F13B8C4B24D5625A00C587E0 /* CustomLoader.swift in Sources */ = {isa = PBXBuildFile; fileRef = F13B8C4724D5625A00C587E0 /* CustomLoader.swift */; };
		F13B8C5324D5643600C587E0 /* SwiftArticlesViewModel.swift in Sources */ = {isa = PBXBuildFile; fileRef = F13B8C5224D5643600C587E0 /* SwiftArticlesViewModel.swift */; };
		F13B8C5524D5645000C587E0 /* SwiftArticlesVC.swift in Sources */ = {isa = PBXBuildFile; fileRef = F13B8C5424D5645000C587E0 /* SwiftArticlesVC.swift */; };
		F13B8C5824D585CB00C587E0 /* SwiftArticles+Datasource.swift in Sources */ = {isa = PBXBuildFile; fileRef = F13B8C5724D585CB00C587E0 /* SwiftArticles+Datasource.swift */; };
		F13B8C5A24D5861200C587E0 /* SwiftArticles+Delegate.swift in Sources */ = {isa = PBXBuildFile; fileRef = F13B8C5924D5861200C587E0 /* SwiftArticles+Delegate.swift */; };
		F13B8C5D24D588B900C587E0 /* SwiftArticleTblCell.swift in Sources */ = {isa = PBXBuildFile; fileRef = F13B8C5B24D588B900C587E0 /* SwiftArticleTblCell.swift */; };
		F13B8C6124D593B600C587E0 /* ServiceManager.swift in Sources */ = {isa = PBXBuildFile; fileRef = F13B8C6024D593B600C587E0 /* ServiceManager.swift */; };
		F13B8C6524D5C2A700C587E0 /* WebServices.swift in Sources */ = {isa = PBXBuildFile; fileRef = F13B8C6424D5C2A700C587E0 /* WebServices.swift */; };
		F13B8C7424D5F15600C587E0 /* Articles+CoreDataProperties.swift in Sources */ = {isa = PBXBuildFile; fileRef = F13B8C7224D5F15600C587E0 /* Articles+CoreDataProperties.swift */; };
		F13B8C7524D5F15600C587E0 /* Articles+CoreDataClass.swift in Sources */ = {isa = PBXBuildFile; fileRef = F13B8C7324D5F15600C587E0 /* Articles+CoreDataClass.swift */; };
		F13B8C7824D5F71100C587E0 /* MobileAxxess.xcdatamodeld in Resources */ = {isa = PBXBuildFile; fileRef = F13B8C2324D55DCC00C587E0 /* MobileAxxess.xcdatamodeld */; };
		F147FF8224D6F8AD00671230 /* SwiftArticleView.swift in Sources */ = {isa = PBXBuildFile; fileRef = F147FF8124D6F8AD00671230 /* SwiftArticleView.swift */; };
		F147FF8524D70A0800671230 /* String+Date.swift in Sources */ = {isa = PBXBuildFile; fileRef = F147FF8424D70A0800671230 /* String+Date.swift */; };
/* End PBXBuildFile section */

/* Begin PBXFileReference section */
		7D85EF895F36056393850A0B /* Pods_MobileAxxess.framework */ = {isa = PBXFileReference; explicitFileType = wrapper.framework; includeInIndex = 0; path = Pods_MobileAxxess.framework; sourceTree = BUILT_PRODUCTS_DIR; };
		9C56A5B2E09279A08A7EF86A /* Pods-MobileAxxess.debug.xcconfig */ = {isa = PBXFileReference; includeInIndex = 1; lastKnownFileType = text.xcconfig; name = "Pods-MobileAxxess.debug.xcconfig"; path = "Target Support Files/Pods-MobileAxxess/Pods-MobileAxxess.debug.xcconfig"; sourceTree = "<group>"; };
		B1F58910A523508B510DA939 /* Pods-MobileAxxess.release.xcconfig */ = {isa = PBXFileReference; includeInIndex = 1; lastKnownFileType = text.xcconfig; name = "Pods-MobileAxxess.release.xcconfig"; path = "Target Support Files/Pods-MobileAxxess/Pods-MobileAxxess.release.xcconfig"; sourceTree = "<group>"; };
		F12C4E1B24D7248700134453 /* CommonFunctions.swift */ = {isa = PBXFileReference; lastKnownFileType = sourcecode.swift; path = CommonFunctions.swift; sourceTree = "<group>"; };
		F13B8C1724D55DCC00C587E0 /* MobileAxxess.app */ = {isa = PBXFileReference; explicitFileType = wrapper.application; includeInIndex = 0; path = MobileAxxess.app; sourceTree = BUILT_PRODUCTS_DIR; };
		F13B8C1A24D55DCC00C587E0 /* AppDelegate.swift */ = {isa = PBXFileReference; lastKnownFileType = sourcecode.swift; path = AppDelegate.swift; sourceTree = "<group>"; };
		F13B8C2424D55DCC00C587E0 /* MobileAxxess.xcdatamodel */ = {isa = PBXFileReference; lastKnownFileType = wrapper.xcdatamodel; path = MobileAxxess.xcdatamodel; sourceTree = "<group>"; };
		F13B8C2624D55DCE00C587E0 /* Assets.xcassets */ = {isa = PBXFileReference; lastKnownFileType = folder.assetcatalog; path = Assets.xcassets; sourceTree = "<group>"; };
		F13B8C2924D55DCE00C587E0 /* Base */ = {isa = PBXFileReference; lastKnownFileType = file.storyboard; name = Base; path = Base.lproj/LaunchScreen.storyboard; sourceTree = "<group>"; };
		F13B8C2B24D55DCE00C587E0 /* Info.plist */ = {isa = PBXFileReference; lastKnownFileType = text.plist.xml; path = Info.plist; sourceTree = "<group>"; };
		F13B8C3C24D55FD700C587E0 /* CoreDataContext.swift */ = {isa = PBXFileReference; fileEncoding = 4; lastKnownFileType = sourcecode.swift; path = CoreDataContext.swift; sourceTree = "<group>"; };
		F13B8C3E24D561E400C587E0 /* UIColour+HexColour.swift */ = {isa = PBXFileReference; fileEncoding = 4; lastKnownFileType = sourcecode.swift; path = "UIColour+HexColour.swift"; sourceTree = "<group>"; };
		F13B8C3F24D561E500C587E0 /* UIImageView+SDImage.swift */ = {isa = PBXFileReference; fileEncoding = 4; lastKnownFileType = sourcecode.swift; path = "UIImageView+SDImage.swift"; sourceTree = "<group>"; };
		F13B8C4024D561E500C587E0 /* FileManger+DirectoryPath.swift */ = {isa = PBXFileReference; fileEncoding = 4; lastKnownFileType = sourcecode.swift; path = "FileManger+DirectoryPath.swift"; sourceTree = "<group>"; };
		F13B8C4424D5625A00C587E0 /* ConnectionCheck.swift */ = {isa = PBXFileReference; fileEncoding = 4; lastKnownFileType = sourcecode.swift; path = ConnectionCheck.swift; sourceTree = "<group>"; };
		F13B8C4524D5625A00C587E0 /* Constants.swift */ = {isa = PBXFileReference; fileEncoding = 4; lastKnownFileType = sourcecode.swift; path = Constants.swift; sourceTree = "<group>"; };
		F13B8C4624D5625A00C587E0 /* AppColor.swift */ = {isa = PBXFileReference; fileEncoding = 4; lastKnownFileType = sourcecode.swift; path = AppColor.swift; sourceTree = "<group>"; };
		F13B8C4724D5625A00C587E0 /* CustomLoader.swift */ = {isa = PBXFileReference; fileEncoding = 4; lastKnownFileType = sourcecode.swift; path = CustomLoader.swift; sourceTree = "<group>"; };
		F13B8C5224D5643600C587E0 /* SwiftArticlesViewModel.swift */ = {isa = PBXFileReference; lastKnownFileType = sourcecode.swift; path = SwiftArticlesViewModel.swift; sourceTree = "<group>"; };
		F13B8C5424D5645000C587E0 /* SwiftArticlesVC.swift */ = {isa = PBXFileReference; lastKnownFileType = sourcecode.swift; path = SwiftArticlesVC.swift; sourceTree = "<group>"; };
		F13B8C5724D585CB00C587E0 /* SwiftArticles+Datasource.swift */ = {isa = PBXFileReference; lastKnownFileType = sourcecode.swift; path = "SwiftArticles+Datasource.swift"; sourceTree = "<group>"; };
		F13B8C5924D5861200C587E0 /* SwiftArticles+Delegate.swift */ = {isa = PBXFileReference; lastKnownFileType = sourcecode.swift; path = "SwiftArticles+Delegate.swift"; sourceTree = "<group>"; };
		F13B8C5B24D588B900C587E0 /* SwiftArticleTblCell.swift */ = {isa = PBXFileReference; lastKnownFileType = sourcecode.swift; path = SwiftArticleTblCell.swift; sourceTree = "<group>"; };
		F13B8C6024D593B600C587E0 /* ServiceManager.swift */ = {isa = PBXFileReference; lastKnownFileType = sourcecode.swift; path = ServiceManager.swift; sourceTree = "<group>"; };
		F13B8C6424D5C2A700C587E0 /* WebServices.swift */ = {isa = PBXFileReference; lastKnownFileType = sourcecode.swift; path = WebServices.swift; sourceTree = "<group>"; };
		F13B8C7224D5F15600C587E0 /* Articles+CoreDataProperties.swift */ = {isa = PBXFileReference; fileEncoding = 4; lastKnownFileType = sourcecode.swift; path = "Articles+CoreDataProperties.swift"; sourceTree = "<group>"; };
		F13B8C7324D5F15600C587E0 /* Articles+CoreDataClass.swift */ = {isa = PBXFileReference; fileEncoding = 4; lastKnownFileType = sourcecode.swift; path = "Articles+CoreDataClass.swift"; sourceTree = "<group>"; };
		F147FF8124D6F8AD00671230 /* SwiftArticleView.swift */ = {isa = PBXFileReference; lastKnownFileType = sourcecode.swift; path = SwiftArticleView.swift; sourceTree = "<group>"; };
		F147FF8424D70A0800671230 /* String+Date.swift */ = {isa = PBXFileReference; lastKnownFileType = sourcecode.swift; path = "String+Date.swift"; sourceTree = "<group>"; };
/* End PBXFileReference section */

/* Begin PBXFrameworksBuildPhase section */
		F13B8C1424D55DCC00C587E0 /* Frameworks */ = {
			isa = PBXFrameworksBuildPhase;
			buildActionMask = 2147483647;
			files = (
				8004B0D462514497C3DAF17D /* Pods_MobileAxxess.framework in Frameworks */,
			);
			runOnlyForDeploymentPostprocessing = 0;
		};
/* End PBXFrameworksBuildPhase section */

/* Begin PBXGroup section */
		4869E4E10FAA541BF9348E0C /* Pods */ = {
			isa = PBXGroup;
			children = (
				9C56A5B2E09279A08A7EF86A /* Pods-MobileAxxess.debug.xcconfig */,
				B1F58910A523508B510DA939 /* Pods-MobileAxxess.release.xcconfig */,
			);
			path = Pods;
			sourceTree = "<group>";
		};
		BADAF145124AAB0EEFA4A270 /* Frameworks */ = {
			isa = PBXGroup;
			children = (
				7D85EF895F36056393850A0B /* Pods_MobileAxxess.framework */,
			);
			name = Frameworks;
			sourceTree = "<group>";
		};
		F13B8C0E24D55DCB00C587E0 = {
			isa = PBXGroup;
			children = (
				F13B8C1924D55DCC00C587E0 /* MobileAxxess */,
				F13B8C1824D55DCC00C587E0 /* Products */,
				4869E4E10FAA541BF9348E0C /* Pods */,
				BADAF145124AAB0EEFA4A270 /* Frameworks */,
			);
			sourceTree = "<group>";
		};
		F13B8C1824D55DCC00C587E0 /* Products */ = {
			isa = PBXGroup;
			children = (
				F13B8C1724D55DCC00C587E0 /* MobileAxxess.app */,
			);
			name = Products;
			sourceTree = "<group>";
		};
		F13B8C1924D55DCC00C587E0 /* MobileAxxess */ = {
			isa = PBXGroup;
			children = (
				F13B8C3424D55DF800C587E0 /* Global Extensions */,
				F13B8C3324D55DED00C587E0 /* Utilities */,
				F13B8C3124D55DD600C587E0 /* Custom Views */,
				F13B8C3924D55E3700C587E0 /* AppDelegate */,
				F13B8C3524D55E0800C587E0 /* StoryBoards */,
				F13B8C3B24D55E9700C587E0 /* CoreData (Offline) */,
				F13B8C5F24D5939300C587E0 /* ServiceManager */,
				F13B8C3224D55DE200C587E0 /* View Controllers */,
				F13B8C3624D55E1A00C587E0 /* Resources */,
				F13B8C3A24D55E8600C587E0 /* Supporting Files */,
			);
			path = MobileAxxess;
			sourceTree = "<group>";
		};
		F13B8C3124D55DD600C587E0 /* Custom Views */ = {
			isa = PBXGroup;
			children = (
			);
			path = "Custom Views";
			sourceTree = "<group>";
		};
		F13B8C3224D55DE200C587E0 /* View Controllers */ = {
			isa = PBXGroup;
			children = (
				F13B8C4D24D5638600C587E0 /* SwiftArticles */,
			);
			path = "View Controllers";
			sourceTree = "<group>";
		};
		F13B8C3324D55DED00C587E0 /* Utilities */ = {
			isa = PBXGroup;
			children = (
				F13B8C4624D5625A00C587E0 /* AppColor.swift */,
				F13B8C4424D5625A00C587E0 /* ConnectionCheck.swift */,
				F13B8C4524D5625A00C587E0 /* Constants.swift */,
				F13B8C4724D5625A00C587E0 /* CustomLoader.swift */,
				F12C4E1B24D7248700134453 /* CommonFunctions.swift */,
			);
			path = Utilities;
			sourceTree = "<group>";
		};
		F13B8C3424D55DF800C587E0 /* Global Extensions */ = {
			isa = PBXGroup;
			children = (
				F13B8C4024D561E500C587E0 /* FileManger+DirectoryPath.swift */,
				F13B8C3E24D561E400C587E0 /* UIColour+HexColour.swift */,
				F13B8C3F24D561E500C587E0 /* UIImageView+SDImage.swift */,
				F147FF8424D70A0800671230 /* String+Date.swift */,
			);
			path = "Global Extensions";
			sourceTree = "<group>";
		};
		F13B8C3524D55E0800C587E0 /* StoryBoards */ = {
			isa = PBXGroup;
			children = (
				F13B8C2824D55DCE00C587E0 /* LaunchScreen.storyboard */,
			);
			path = StoryBoards;
			sourceTree = "<group>";
		};
		F13B8C3624D55E1A00C587E0 /* Resources */ = {
			isa = PBXGroup;
			children = (
				F13B8C3824D55E2700C587E0 /* Images */,
				F13B8C3724D55E2100C587E0 /* Fonts */,
			);
			path = Resources;
			sourceTree = "<group>";
		};
		F13B8C3724D55E2100C587E0 /* Fonts */ = {
			isa = PBXGroup;
			children = (
			);
			path = Fonts;
			sourceTree = "<group>";
		};
		F13B8C3824D55E2700C587E0 /* Images */ = {
			isa = PBXGroup;
			children = (
				F13B8C2624D55DCE00C587E0 /* Assets.xcassets */,
			);
			path = Images;
			sourceTree = "<group>";
		};
		F13B8C3924D55E3700C587E0 /* AppDelegate */ = {
			isa = PBXGroup;
			children = (
				F13B8C1A24D55DCC00C587E0 /* AppDelegate.swift */,
			);
			path = AppDelegate;
			sourceTree = "<group>";
		};
		F13B8C3A24D55E8600C587E0 /* Supporting Files */ = {
			isa = PBXGroup;
			children = (
				F13B8C2B24D55DCE00C587E0 /* Info.plist */,
			);
			path = "Supporting Files";
			sourceTree = "<group>";
		};
		F13B8C3B24D55E9700C587E0 /* CoreData (Offline) */ = {
			isa = PBXGroup;
			children = (
				F13B8C3C24D55FD700C587E0 /* CoreDataContext.swift */,
				F13B8C2324D55DCC00C587E0 /* MobileAxxess.xcdatamodeld */,
				F13B8C7624D5F23800C587E0 /* Entities */,
			);
			path = "CoreData (Offline)";
			sourceTree = "<group>";
		};
		F13B8C4D24D5638600C587E0 /* SwiftArticles */ = {
			isa = PBXGroup;
			children = (
				F13B8C5624D5653900C587E0 /* View */,
				F13B8C4E24D5639F00C587E0 /* ViewModel */,
				F13B8C4F24D563C700C587E0 /* ViewController */,
			);
			path = SwiftArticles;
			sourceTree = "<group>";
		};
		F13B8C4E24D5639F00C587E0 /* ViewModel */ = {
			isa = PBXGroup;
			children = (
				F13B8C5224D5643600C587E0 /* SwiftArticlesViewModel.swift */,
			);
			path = ViewModel;
			sourceTree = "<group>";
		};
		F13B8C4F24D563C700C587E0 /* ViewController */ = {
			isa = PBXGroup;
			children = (
				F13B8C5424D5645000C587E0 /* SwiftArticlesVC.swift */,
				F13B8C5724D585CB00C587E0 /* SwiftArticles+Datasource.swift */,
				F13B8C5924D5861200C587E0 /* SwiftArticles+Delegate.swift */,
			);
			path = ViewController;
			sourceTree = "<group>";
		};
		F13B8C5624D5653900C587E0 /* View */ = {
			isa = PBXGroup;
			children = (
				F13B8C5B24D588B900C587E0 /* SwiftArticleTblCell.swift */,
				F147FF8124D6F8AD00671230 /* SwiftArticleView.swift */,
			);
			path = View;
			sourceTree = "<group>";
		};
		F13B8C5F24D5939300C587E0 /* ServiceManager */ = {
			isa = PBXGroup;
			children = (
				F13B8C6024D593B600C587E0 /* ServiceManager.swift */,
				F13B8C6424D5C2A700C587E0 /* WebServices.swift */,
			);
			path = ServiceManager;
			sourceTree = "<group>";
		};
		F13B8C7624D5F23800C587E0 /* Entities */ = {
			isa = PBXGroup;
			children = (
				F13B8C7724D5F24700C587E0 /* Articles */,
			);
			path = Entities;
			sourceTree = "<group>";
		};
		F13B8C7724D5F24700C587E0 /* Articles */ = {
			isa = PBXGroup;
			children = (
				F13B8C7324D5F15600C587E0 /* Articles+CoreDataClass.swift */,
				F13B8C7224D5F15600C587E0 /* Articles+CoreDataProperties.swift */,
			);
			path = Articles;
			sourceTree = "<group>";
		};
/* End PBXGroup section */

/* Begin PBXNativeTarget section */
		F13B8C1624D55DCC00C587E0 /* MobileAxxess */ = {
			isa = PBXNativeTarget;
			buildConfigurationList = F13B8C2E24D55DCE00C587E0 /* Build configuration list for PBXNativeTarget "MobileAxxess" */;
			buildPhases = (
				37EBEC0061A3CC0E647844E7 /* [CP] Check Pods Manifest.lock */,
				F13B8C1324D55DCC00C587E0 /* Sources */,
				F13B8C1424D55DCC00C587E0 /* Frameworks */,
				F13B8C1524D55DCC00C587E0 /* Resources */,
				AA4E70B4BFA2E0CBEC23CCC3 /* [CP] Embed Pods Frameworks */,
			);
			buildRules = (
			);
			dependencies = (
			);
			name = MobileAxxess;
			productName = MobileAxxess;
			productReference = F13B8C1724D55DCC00C587E0 /* MobileAxxess.app */;
			productType = "com.apple.product-type.application";
		};
/* End PBXNativeTarget section */

/* Begin PBXProject section */
		F13B8C0F24D55DCB00C587E0 /* Project object */ = {
			isa = PBXProject;
			attributes = {
				LastSwiftUpdateCheck = 1130;
				LastUpgradeCheck = 1130;
				ORGANIZATIONNAME = "Prince Sojitra";
				TargetAttributes = {
					F13B8C1624D55DCC00C587E0 = {
						CreatedOnToolsVersion = 11.3.1;
					};
				};
			};
			buildConfigurationList = F13B8C1224D55DCC00C587E0 /* Build configuration list for PBXProject "MobileAxxess" */;
			compatibilityVersion = "Xcode 9.3";
			developmentRegion = en;
			hasScannedForEncodings = 0;
			knownRegions = (
				en,
				Base,
			);
			mainGroup = F13B8C0E24D55DCB00C587E0;
			productRefGroup = F13B8C1824D55DCC00C587E0 /* Products */;
			projectDirPath = "";
			projectRoot = "";
			targets = (
				F13B8C1624D55DCC00C587E0 /* MobileAxxess */,
			);
		};
/* End PBXProject section */

/* Begin PBXResourcesBuildPhase section */
		F13B8C1524D55DCC00C587E0 /* Resources */ = {
			isa = PBXResourcesBuildPhase;
			buildActionMask = 2147483647;
			files = (
				F13B8C7824D5F71100C587E0 /* MobileAxxess.xcdatamodeld in Resources */,
				F13B8C2A24D55DCE00C587E0 /* LaunchScreen.storyboard in Resources */,
				F13B8C2724D55DCE00C587E0 /* Assets.xcassets in Resources */,
			);
			runOnlyForDeploymentPostprocessing = 0;
		};
/* End PBXResourcesBuildPhase section */

/* Begin PBXShellScriptBuildPhase section */
		37EBEC0061A3CC0E647844E7 /* [CP] Check Pods Manifest.lock */ = {
			isa = PBXShellScriptBuildPhase;
			buildActionMask = 2147483647;
			files = (
			);
			inputFileListPaths = (
			);
			inputPaths = (
				"${PODS_PODFILE_DIR_PATH}/Podfile.lock",
				"${PODS_ROOT}/Manifest.lock",
			);
			name = "[CP] Check Pods Manifest.lock";
			outputFileListPaths = (
			);
			outputPaths = (
				"$(DERIVED_FILE_DIR)/Pods-MobileAxxess-checkManifestLockResult.txt",
			);
			runOnlyForDeploymentPostprocessing = 0;
			shellPath = /bin/sh;
			shellScript = "diff \"${PODS_PODFILE_DIR_PATH}/Podfile.lock\" \"${PODS_ROOT}/Manifest.lock\" > /dev/null\nif [ $? != 0 ] ; then\n    # print error to STDERR\n    echo \"error: The sandbox is not in sync with the Podfile.lock. Run 'pod install' or update your CocoaPods installation.\" >&2\n    exit 1\nfi\n# This output is used by Xcode 'outputs' to avoid re-running this script phase.\necho \"SUCCESS\" > \"${SCRIPT_OUTPUT_FILE_0}\"\n";
			showEnvVarsInLog = 0;
		};
		AA4E70B4BFA2E0CBEC23CCC3 /* [CP] Embed Pods Frameworks */ = {
			isa = PBXShellScriptBuildPhase;
			buildActionMask = 2147483647;
			files = (
			);
			inputFileListPaths = (
				"${PODS_ROOT}/Target Support Files/Pods-MobileAxxess/Pods-MobileAxxess-frameworks-${CONFIGURATION}-input-files.xcfilelist",
			);
			name = "[CP] Embed Pods Frameworks";
			outputFileListPaths = (
				"${PODS_ROOT}/Target Support Files/Pods-MobileAxxess/Pods-MobileAxxess-frameworks-${CONFIGURATION}-output-files.xcfilelist",
			);
			runOnlyForDeploymentPostprocessing = 0;
			shellPath = /bin/sh;
			shellScript = "\"${PODS_ROOT}/Target Support Files/Pods-MobileAxxess/Pods-MobileAxxess-frameworks.sh\"\n";
			showEnvVarsInLog = 0;
		};
/* End PBXShellScriptBuildPhase section */

/* Begin PBXSourcesBuildPhase section */
		F13B8C1324D55DCC00C587E0 /* Sources */ = {
			isa = PBXSourcesBuildPhase;
			buildActionMask = 2147483647;
			files = (
				F147FF8524D70A0800671230 /* String+Date.swift in Sources */,
				F13B8C4124D561E500C587E0 /* UIColour+HexColour.swift in Sources */,
				F13B8C5824D585CB00C587E0 /* SwiftArticles+Datasource.swift in Sources */,
				F13B8C4A24D5625A00C587E0 /* AppColor.swift in Sources */,
				F13B8C3D24D55FD700C587E0 /* CoreDataContext.swift in Sources */,
				F13B8C5A24D5861200C587E0 /* SwiftArticles+Delegate.swift in Sources */,
				F13B8C7424D5F15600C587E0 /* Articles+CoreDataProperties.swift in Sources */,
				F13B8C6524D5C2A700C587E0 /* WebServices.swift in Sources */,
				F13B8C5324D5643600C587E0 /* SwiftArticlesViewModel.swift in Sources */,
				F12C4E1C24D7248700134453 /* CommonFunctions.swift in Sources */,
				F13B8C5D24D588B900C587E0 /* SwiftArticleTblCell.swift in Sources */,
				F13B8C4B24D5625A00C587E0 /* CustomLoader.swift in Sources */,
				F13B8C4324D561E500C587E0 /* FileManger+DirectoryPath.swift in Sources */,
				F13B8C4224D561E500C587E0 /* UIImageView+SDImage.swift in Sources */,
				F147FF8224D6F8AD00671230 /* SwiftArticleView.swift in Sources */,
				F13B8C5524D5645000C587E0 /* SwiftArticlesVC.swift in Sources */,
				F13B8C6124D593B600C587E0 /* ServiceManager.swift in Sources */,
				F13B8C4824D5625A00C587E0 /* ConnectionCheck.swift in Sources */,
				F13B8C1B24D55DCC00C587E0 /* AppDelegate.swift in Sources */,
				F13B8C7524D5F15600C587E0 /* Articles+CoreDataClass.swift in Sources */,
				F13B8C4924D5625A00C587E0 /* Constants.swift in Sources */,
			);
			runOnlyForDeploymentPostprocessing = 0;
		};
/* End PBXSourcesBuildPhase section */

/* Begin PBXVariantGroup section */
		F13B8C2824D55DCE00C587E0 /* LaunchScreen.storyboard */ = {
			isa = PBXVariantGroup;
			children = (
				F13B8C2924D55DCE00C587E0 /* Base */,
			);
			name = LaunchScreen.storyboard;
			sourceTree = "<group>";
		};
/* End PBXVariantGroup section */

/* Begin XCBuildConfiguration section */
		F13B8C2C24D55DCE00C587E0 /* Debug */ = {
			isa = XCBuildConfiguration;
			buildSettings = {
				ALWAYS_SEARCH_USER_PATHS = NO;
				CLANG_ANALYZER_NONNULL = YES;
				CLANG_ANALYZER_NUMBER_OBJECT_CONVERSION = YES_AGGRESSIVE;
				CLANG_CXX_LANGUAGE_STANDARD = "gnu++14";
				CLANG_CXX_LIBRARY = "libc++";
				CLANG_ENABLE_MODULES = YES;
				CLANG_ENABLE_OBJC_ARC = YES;
				CLANG_ENABLE_OBJC_WEAK = YES;
				CLANG_WARN_BLOCK_CAPTURE_AUTORELEASING = YES;
				CLANG_WARN_BOOL_CONVERSION = YES;
				CLANG_WARN_COMMA = YES;
				CLANG_WARN_CONSTANT_CONVERSION = YES;
				CLANG_WARN_DEPRECATED_OBJC_IMPLEMENTATIONS = YES;
				CLANG_WARN_DIRECT_OBJC_ISA_USAGE = YES_ERROR;
				CLANG_WARN_DOCUMENTATION_COMMENTS = YES;
				CLANG_WARN_EMPTY_BODY = YES;
				CLANG_WARN_ENUM_CONVERSION = YES;
				CLANG_WARN_INFINITE_RECURSION = YES;
				CLANG_WARN_INT_CONVERSION = YES;
				CLANG_WARN_NON_LITERAL_NULL_CONVERSION = YES;
				CLANG_WARN_OBJC_IMPLICIT_RETAIN_SELF = YES;
				CLANG_WARN_OBJC_LITERAL_CONVERSION = YES;
				CLANG_WARN_OBJC_ROOT_CLASS = YES_ERROR;
				CLANG_WARN_RANGE_LOOP_ANALYSIS = YES;
				CLANG_WARN_STRICT_PROTOTYPES = YES;
				CLANG_WARN_SUSPICIOUS_MOVE = YES;
				CLANG_WARN_UNGUARDED_AVAILABILITY = YES_AGGRESSIVE;
				CLANG_WARN_UNREACHABLE_CODE = YES;
				CLANG_WARN__DUPLICATE_METHOD_MATCH = YES;
				COPY_PHASE_STRIP = NO;
				DEBUG_INFORMATION_FORMAT = dwarf;
				ENABLE_STRICT_OBJC_MSGSEND = YES;
				ENABLE_TESTABILITY = YES;
				GCC_C_LANGUAGE_STANDARD = gnu11;
				GCC_DYNAMIC_NO_PIC = NO;
				GCC_NO_COMMON_BLOCKS = YES;
				GCC_OPTIMIZATION_LEVEL = 0;
				GCC_PREPROCESSOR_DEFINITIONS = (
					"DEBUG=1",
					"$(inherited)",
				);
				GCC_WARN_64_TO_32_BIT_CONVERSION = YES;
				GCC_WARN_ABOUT_RETURN_TYPE = YES_ERROR;
				GCC_WARN_UNDECLARED_SELECTOR = YES;
				GCC_WARN_UNINITIALIZED_AUTOS = YES_AGGRESSIVE;
				GCC_WARN_UNUSED_FUNCTION = YES;
				GCC_WARN_UNUSED_VARIABLE = YES;
				IPHONEOS_DEPLOYMENT_TARGET = 13.2;
				MTL_ENABLE_DEBUG_INFO = INCLUDE_SOURCE;
				MTL_FAST_MATH = YES;
				ONLY_ACTIVE_ARCH = YES;
				SDKROOT = iphoneos;
				SWIFT_ACTIVE_COMPILATION_CONDITIONS = DEBUG;
				SWIFT_OPTIMIZATION_LEVEL = "-Onone";
			};
			name = Debug;
		};
		F13B8C2D24D55DCE00C587E0 /* Release */ = {
			isa = XCBuildConfiguration;
			buildSettings = {
				ALWAYS_SEARCH_USER_PATHS = NO;
				CLANG_ANALYZER_NONNULL = YES;
				CLANG_ANALYZER_NUMBER_OBJECT_CONVERSION = YES_AGGRESSIVE;
				CLANG_CXX_LANGUAGE_STANDARD = "gnu++14";
				CLANG_CXX_LIBRARY = "libc++";
				CLANG_ENABLE_MODULES = YES;
				CLANG_ENABLE_OBJC_ARC = YES;
				CLANG_ENABLE_OBJC_WEAK = YES;
				CLANG_WARN_BLOCK_CAPTURE_AUTORELEASING = YES;
				CLANG_WARN_BOOL_CONVERSION = YES;
				CLANG_WARN_COMMA = YES;
				CLANG_WARN_CONSTANT_CONVERSION = YES;
				CLANG_WARN_DEPRECATED_OBJC_IMPLEMENTATIONS = YES;
				CLANG_WARN_DIRECT_OBJC_ISA_USAGE = YES_ERROR;
				CLANG_WARN_DOCUMENTATION_COMMENTS = YES;
				CLANG_WARN_EMPTY_BODY = YES;
				CLANG_WARN_ENUM_CONVERSION = YES;
				CLANG_WARN_INFINITE_RECURSION = YES;
				CLANG_WARN_INT_CONVERSION = YES;
				CLANG_WARN_NON_LITERAL_NULL_CONVERSION = YES;
				CLANG_WARN_OBJC_IMPLICIT_RETAIN_SELF = YES;
				CLANG_WARN_OBJC_LITERAL_CONVERSION = YES;
				CLANG_WARN_OBJC_ROOT_CLASS = YES_ERROR;
				CLANG_WARN_RANGE_LOOP_ANALYSIS = YES;
				CLANG_WARN_STRICT_PROTOTYPES = YES;
				CLANG_WARN_SUSPICIOUS_MOVE = YES;
				CLANG_WARN_UNGUARDED_AVAILABILITY = YES_AGGRESSIVE;
				CLANG_WARN_UNREACHABLE_CODE = YES;
				CLANG_WARN__DUPLICATE_METHOD_MATCH = YES;
				COPY_PHASE_STRIP = NO;
				DEBUG_INFORMATION_FORMAT = "dwarf-with-dsym";
				ENABLE_NS_ASSERTIONS = NO;
				ENABLE_STRICT_OBJC_MSGSEND = YES;
				GCC_C_LANGUAGE_STANDARD = gnu11;
				GCC_NO_COMMON_BLOCKS = YES;
				GCC_WARN_64_TO_32_BIT_CONVERSION = YES;
				GCC_WARN_ABOUT_RETURN_TYPE = YES_ERROR;
				GCC_WARN_UNDECLARED_SELECTOR = YES;
				GCC_WARN_UNINITIALIZED_AUTOS = YES_AGGRESSIVE;
				GCC_WARN_UNUSED_FUNCTION = YES;
				GCC_WARN_UNUSED_VARIABLE = YES;
				IPHONEOS_DEPLOYMENT_TARGET = 13.2;
				MTL_ENABLE_DEBUG_INFO = NO;
				MTL_FAST_MATH = YES;
				SDKROOT = iphoneos;
				SWIFT_COMPILATION_MODE = wholemodule;
				SWIFT_OPTIMIZATION_LEVEL = "-O";
				VALIDATE_PRODUCT = YES;
			};
			name = Release;
		};
		F13B8C2F24D55DCE00C587E0 /* Debug */ = {
			isa = XCBuildConfiguration;
			baseConfigurationReference = 9C56A5B2E09279A08A7EF86A /* Pods-MobileAxxess.debug.xcconfig */;
			buildSettings = {
				ASSETCATALOG_COMPILER_APPICON_NAME = AppIcon;
				CODE_SIGN_IDENTITY = "iPhone Developer";
				CODE_SIGN_STYLE = Manual;
				DEVELOPMENT_TEAM = 62ZMSB35NH;
				INFOPLIST_FILE = "$(SRCROOT)/MobileAxxess/Supporting Files/Info.plist";
				LD_RUNPATH_SEARCH_PATHS = (
					"$(inherited)",
					"@executable_path/Frameworks",
				);
				PRODUCT_BUNDLE_IDENTIFIER = com.MobileAxxxess.app;
				PRODUCT_NAME = "$(TARGET_NAME)";
				PROVISIONING_PROFILE_SPECIFIER = Drc_Developer;
				SWIFT_VERSION = 5.0;
				TARGETED_DEVICE_FAMILY = "1,2";
			};
			name = Debug;
		};
		F13B8C3024D55DCE00C587E0 /* Release */ = {
			isa = XCBuildConfiguration;
			baseConfigurationReference = B1F58910A523508B510DA939 /* Pods-MobileAxxess.release.xcconfig */;
			buildSettings = {
				ASSETCATALOG_COMPILER_APPICON_NAME = AppIcon;
				CODE_SIGN_IDENTITY = "iPhone Developer";
				CODE_SIGN_STYLE = Manual;
				DEVELOPMENT_TEAM = 62ZMSB35NH;
				INFOPLIST_FILE = "$(SRCROOT)/MobileAxxess/Supporting Files/Info.plist";
				LD_RUNPATH_SEARCH_PATHS = (
					"$(inherited)",
					"@executable_path/Frameworks",
				);
				PRODUCT_BUNDLE_IDENTIFIER = com.MobileAxxxess.app;
				PRODUCT_NAME = "$(TARGET_NAME)";
				PROVISIONING_PROFILE_SPECIFIER = Drc_Developer;
				SWIFT_VERSION = 5.0;
				TARGETED_DEVICE_FAMILY = "1,2";
			};
			name = Release;
		};
/* End XCBuildConfiguration section */

/* Begin XCConfigurationList section */
		F13B8C1224D55DCC00C587E0 /* Build configuration list for PBXProject "MobileAxxess" */ = {
			isa = XCConfigurationList;
			buildConfigurations = (
				F13B8C2C24D55DCE00C587E0 /* Debug */,
				F13B8C2D24D55DCE00C587E0 /* Release */,
			);
			defaultConfigurationIsVisible = 0;
			defaultConfigurationName = Release;
		};
		F13B8C2E24D55DCE00C587E0 /* Build configuration list for PBXNativeTarget "MobileAxxess" */ = {
			isa = XCConfigurationList;
			buildConfigurations = (
				F13B8C2F24D55DCE00C587E0 /* Debug */,
				F13B8C3024D55DCE00C587E0 /* Release */,
			);
			defaultConfigurationIsVisible = 0;
			defaultConfigurationName = Release;
		};
/* End XCConfigurationList section */

/* Begin XCVersionGroup section */
		F13B8C2324D55DCC00C587E0 /* MobileAxxess.xcdatamodeld */ = {
			isa = XCVersionGroup;
			children = (
				F13B8C2424D55DCC00C587E0 /* MobileAxxess.xcdatamodel */,
			);
			currentVersion = F13B8C2424D55DCC00C587E0 /* MobileAxxess.xcdatamodel */;
			path = MobileAxxess.xcdatamodeld;
			sourceTree = "<group>";
			versionGroupType = wrapper.xcdatamodel;
		};
/* End XCVersionGroup section */
	};
	rootObject = F13B8C0F24D55DCB00C587E0 /* Project object */;
}
